
Microsoft Visual Studio Solution File, Format Version 12.00
# Visual Studio Version 17
VisualStudioVersion = 17.0.31903.59
MinimumVisualStudioVersion = 10.0.40219.1
Project("{FAE04EC0-301F-11D3-BF4B-00C04F79EFBC}") = "WGConfig.NET", "WGConfig.NET\WGConfig.NET.csproj", "{76B6B12A-6703-43F6-9403-78126F324CCA}"
EndProject
Project("{FAE04EC0-301F-11D3-BF4B-00C04F79EFBC}") = "Test", "Test\Test.csproj", "{899E5B70-F366-4C5E-A751-18151EE69E97}"
EndProject
Global
	GlobalSection(SolutionConfigurationPlatforms) = preSolution
		Debug|Any CPU = Debug|Any CPU
		Release|Any CPU = Release|Any CPU
	EndGlobalSection
	GlobalSection(SolutionProperties) = preSolution
		HideSolutionNode = FALSE
	EndGlobalSection
	GlobalSection(ProjectConfigurationPlatforms) = postSolution
		{76B6B12A-6703-43F6-9403-78126F324CCA}.Debug|Any CPU.ActiveCfg = Debug|Any CPU
		{76B6B12A-6703-43F6-9403-78126F324CCA}.Debug|Any CPU.Build.0 = Debug|Any CPU
		{76B6B12A-6703-43F6-9403-78126F324CCA}.Release|Any CPU.ActiveCfg = Release|Any CPU
		{76B6B12A-6703-43F6-9403-78126F324CCA}.Release|Any CPU.Build.0 = Release|Any CPU
		{899E5B70-F366-4C5E-A751-18151EE69E97}.Debug|Any CPU.ActiveCfg = Debug|Any CPU
		{899E5B70-F366-4C5E-A751-18151EE69E97}.Debug|Any CPU.Build.0 = Debug|Any CPU
		{899E5B70-F366-4C5E-A751-18151EE69E97}.Release|Any CPU.ActiveCfg = Release|Any CPU
		{899E5B70-F366-4C5E-A751-18151EE69E97}.Release|Any CPU.Build.0 = Release|Any CPU
	EndGlobalSection
EndGlobal
